
Microsoft Visual Studio Solution File, Format Version 12.00
# Visual Studio Version 16
VisualStudioVersion = 16.0.31424.327
MinimumVisualStudioVersion = 10.0.40219.1
Project("{FAE04EC0-301F-11D3-BF4B-00C04F79EFBC}") = "WJS_BlogsNPosts", "WJS_BlogsNPosts.csproj", "{F44760A5-176B-46A6-91FC-531BABC63296}"
EndProject
Global
	GlobalSection(SolutionConfigurationPlatforms) = preSolution
		Debug|Any CPU = Debug|Any CPU
		Release|Any CPU = Release|Any CPU
	EndGlobalSection
	GlobalSection(ProjectConfigurationPlatforms) = postSolution
		{F44760A5-176B-46A6-91FC-531BABC63296}.Debug|Any CPU.ActiveCfg = Debug|Any CPU
		{F44760A5-176B-46A6-91FC-531BABC63296}.Debug|Any CPU.Build.0 = Debug|Any CPU
		{F44760A5-176B-46A6-91FC-531BABC63296}.Release|Any CPU.ActiveCfg = Release|Any CPU
		{F44760A5-176B-46A6-91FC-531BABC63296}.Release|Any CPU.Build.0 = Release|Any CPU
	EndGlobalSection
	GlobalSection(SolutionProperties) = preSolution
		HideSolutionNode = FALSE
	EndGlobalSection
	GlobalSection(ExtensibilityGlobals) = postSolution
		SolutionGuid = {2BA23FCF-7E7C-4D02-B87B-19112E18CA56}
	EndGlobalSection
EndGlobal
